{"version":4,"terraform_version":"1.9.0","serial":1,"lineage":"167f51a5-2cce-10ac-fe06-4183eaa13d95","outputs":{"nginx_endpoint":{"value":"http://85.9.206.219:80","type":"string"}},"resources":[{"mode":"managed","type":"upcloud_server","name":"web","provider":"provider[\"registry.opentofu.org/upcloudltd/upcloud\"]","instances":[{"schema_version":2,"attributes":{"boot_order":"disk","cpu":1,"firewall":false,"host":6647726723,"hostname":"my-docker-server","id":"008dc3b8-e9ea-4caa-9ada-9954b147c889","labels":{},"login":[{"create_password":false,"keys":["ssh-ed25519 AAAAC3NzaC1lZDI1NTE5AAAAIHQUeGbsD5UKgiIbKI3OsfWXAtRc/4c6FH00BDDSzvX5 gabuzo@192-168-1-121.tpgi.com.au"],"password_delivery":"none","user":"nonroot"}],"mem":1024,"metadata":true,"network_interface":[{"additional_ip_address":[],"bootable":false,"index":1,"ip_address":"85.9.206.219","ip_address_family":"IPv4","ip_address_floating":false,"mac_address":"ae:ed:fd:0d:3d:68","network":"03316509-e409-406a-b5dc-a479c8329929","source_ip_filtering":true,"type":"public"}],"nic_model":"virtio","plan":"1xCPU-1GB","server_group":null,"simple_backup":[],"storage_devices":[],"tags":[],"template":[{"address":"virtio","address_position":"0","backup_rule":[],"delete_autoresize_backup":false,"encrypt":false,"filesystem_autoresize":false,"id":"01c67f50-f8c9-4063-a9e9-920241cbcb80","size":10,"storage":"Ubuntu Server 22.04 LTS (Jammy Jellyfish)","tier":"maxiops","title":"terraform-my-docker-server-disk"}],"timezone":"UTC","title":"my-docker-server (managed by terraform)","user_data":null,"video_model":"cirrus","zone":"de-fra1"},"sensitive_attributes":[]}]}],"check_results":null}
